
Microsoft Visual Studio Solution File, Format Version 12.00
# Visual Studio Version 17
VisualStudioVersion = 17.11.35222.181
MinimumVisualStudioVersion = 10.0.40219.1
Project("{9A19103F-16F7-4668-BE54-9A1E7A4F7556}") = "TodoServerApp", "TodoServerApp\TodoServerApp.csproj", "{5689E134-5C8E-49FE-A9C0-7F4CC944CBE2}"
EndProject
Global
	GlobalSection(SolutionConfigurationPlatforms) = preSolution
		Debug|Any CPU = Debug|Any CPU
		Release|Any CPU = Release|Any CPU
	EndGlobalSection
	GlobalSection(ProjectConfigurationPlatforms) = postSolution
		{5689E134-5C8E-49FE-A9C0-7F4CC944CBE2}.Debug|Any CPU.ActiveCfg = Debug|Any CPU
		{5689E134-5C8E-49FE-A9C0-7F4CC944CBE2}.Debug|Any CPU.Build.0 = Debug|Any CPU
		{5689E134-5C8E-49FE-A9C0-7F4CC944CBE2}.Release|Any CPU.ActiveCfg = Release|Any CPU
		{5689E134-5C8E-49FE-A9C0-7F4CC944CBE2}.Release|Any CPU.Build.0 = Release|Any CPU
	EndGlobalSection
	GlobalSection(SolutionProperties) = preSolution
		HideSolutionNode = FALSE
	EndGlobalSection
	GlobalSection(ExtensibilityGlobals) = postSolution
		SolutionGuid = {5FC32872-1C5B-4E27-99DE-4B4E6A9D71BE}
	EndGlobalSection
EndGlobal
